Microsoft Visual Studio Solution File, Format Version 10.00
# Visual Studio 2008
Project("{8BC9CEB8-8B4A-11D0-8D11-00A0C91BC942}") = "game", "game_2008.vcproj", "{D3D09108-96D0-4629-88B8-122C0256058C}"
EndProject
Project("{8BC9CEB8-8B4A-11D0-8D11-00A0C91BC942}") = "Server", "Server\Server.vcproj", "{7521E19D-F061-457F-A32B-169B9B2FC3DB}"
	ProjectSection(ProjectDependencies) = postProject
		{D3D09108-96D0-4629-88B8-122C0256058C} = {D3D09108-96D0-4629-88B8-122C0256058C}
	EndProjectSection
EndProject
Project("{8BC9CEB8-8B4A-11D0-8D11-00A0C91BC942}") = "indexgen", "..\indexgen\indexgen.vcproj", "{CA4DE9FA-A3DF-4DA2-B2B6-458BA63AE5D0}"
EndProject
Project("{8BC9CEB8-8B4A-11D0-8D11-00A0C91BC942}") = "sound", "..\sound\sound.vcproj", "{97DFF619-5F30-4465-A889-680E5E12DCB1}"
EndProject
Global
	GlobalSection(SolutionConfigurationPlatforms) = preSolution
		Debug|Win32 = Debug|Win32
		Debug|x64 = Debug|x64
		Profile|Win32 = Profile|Win32
		Profile|x64 = Profile|x64
		Release|Win32 = Release|Win32
		Release|x64 = Release|x64
	EndGlobalSection
	GlobalSection(ProjectConfigurationPlatforms) = postSolution
		{D3D09108-96D0-4629-88B8-122C0256058C}.Debug|Win32.ActiveCfg = Debug|Win32
		{D3D09108-96D0-4629-88B8-122C0256058C}.Debug|Win32.Build.0 = Debug|Win32
		{D3D09108-96D0-4629-88B8-122C0256058C}.Debug|x64.ActiveCfg = Debug|x64
		{D3D09108-96D0-4629-88B8-122C0256058C}.Debug|x64.Build.0 = Debug|x64
		{D3D09108-96D0-4629-88B8-122C0256058C}.Profile|Win32.ActiveCfg = Profile|Win32
		{D3D09108-96D0-4629-88B8-122C0256058C}.Profile|Win32.Build.0 = Profile|Win32
		{D3D09108-96D0-4629-88B8-122C0256058C}.Profile|x64.ActiveCfg = Profile|x64
		{D3D09108-96D0-4629-88B8-122C0256058C}.Profile|x64.Build.0 = Profile|x64
		{D3D09108-96D0-4629-88B8-122C0256058C}.Release|Win32.ActiveCfg = Release|Win32
		{D3D09108-96D0-4629-88B8-122C0256058C}.Release|Win32.Build.0 = Release|Win32
		{D3D09108-96D0-4629-88B8-122C0256058C}.Release|x64.ActiveCfg = Release|x64
		{D3D09108-96D0-4629-88B8-122C0256058C}.Release|x64.Build.0 = Release|x64
		{7521E19D-F061-457F-A32B-169B9B2FC3DB}.Debug|Win32.ActiveCfg = Debug|Win32
		{7521E19D-F061-457F-A32B-169B9B2FC3DB}.Debug|Win32.Build.0 = Debug|Win32
		{7521E19D-F061-457F-A32B-169B9B2FC3DB}.Debug|x64.ActiveCfg = Debug|Win32
		{7521E19D-F061-457F-A32B-169B9B2FC3DB}.Profile|Win32.ActiveCfg = Release|Win32
		{7521E19D-F061-457F-A32B-169B9B2FC3DB}.Profile|Win32.Build.0 = Release|Win32
		{7521E19D-F061-457F-A32B-169B9B2FC3DB}.Profile|x64.ActiveCfg = Release|Win32
		{7521E19D-F061-457F-A32B-169B9B2FC3DB}.Release|Win32.ActiveCfg = Release|Win32
		{7521E19D-F061-457F-A32B-169B9B2FC3DB}.Release|Win32.Build.0 = Release|Win32
		{7521E19D-F061-457F-A32B-169B9B2FC3DB}.Release|x64.ActiveCfg = Release|Win32
		{CA4DE9FA-A3DF-4DA2-B2B6-458BA63AE5D0}.Debug|Win32.ActiveCfg = Debug|Win32
		{CA4DE9FA-A3DF-4DA2-B2B6-458BA63AE5D0}.Debug|Win32.Build.0 = Debug|Win32
		{CA4DE9FA-A3DF-4DA2-B2B6-458BA63AE5D0}.Debug|x64.ActiveCfg = Debug|Win32
		{CA4DE9FA-A3DF-4DA2-B2B6-458BA63AE5D0}.Profile|Win32.ActiveCfg = Release|Win32
		{CA4DE9FA-A3DF-4DA2-B2B6-458BA63AE5D0}.Profile|Win32.Build.0 = Release|Win32
		{CA4DE9FA-A3DF-4DA2-B2B6-458BA63AE5D0}.Profile|x64.ActiveCfg = Release|Win32
		{CA4DE9FA-A3DF-4DA2-B2B6-458BA63AE5D0}.Release|Win32.ActiveCfg = Release|Win32
		{CA4DE9FA-A3DF-4DA2-B2B6-458BA63AE5D0}.Release|Win32.Build.0 = Release|Win32
		{CA4DE9FA-A3DF-4DA2-B2B6-458BA63AE5D0}.Release|x64.ActiveCfg = Release|Win32
		{97DFF619-5F30-4465-A889-680E5E12DCB1}.Debug|Win32.ActiveCfg = Debug|Win32
		{97DFF619-5F30-4465-A889-680E5E12DCB1}.Debug|Win32.Build.0 = Debug|Win32
		{97DFF619-5F30-4465-A889-680E5E12DCB1}.Debug|x64.ActiveCfg = Debug|Win32
		{97DFF619-5F30-4465-A889-680E5E12DCB1}.Profile|Win32.ActiveCfg = Release|Win32
		{97DFF619-5F30-4465-A889-680E5E12DCB1}.Profile|Win32.Build.0 = Release|Win32
		{97DFF619-5F30-4465-A889-680E5E12DCB1}.Profile|x64.ActiveCfg = Release|Win32
		{97DFF619-5F30-4465-A889-680E5E12DCB1}.Release|Win32.ActiveCfg = Release|Win32
		{97DFF619-5F30-4465-A889-680E5E12DCB1}.Release|Win32.Build.0 = Release|Win32
		{97DFF619-5F30-4465-A889-680E5E12DCB1}.Release|x64.ActiveCfg = Release|Win32
	EndGlobalSection
	GlobalSection(SolutionProperties) = preSolution
		HideSolutionNode = FALSE
	EndGlobalSection
EndGlobal
